
Microsoft Visual Studio Solution File, Format Version 12.00
# Visual Studio Version 16
VisualStudioVersion = 16.0.29613.14
MinimumVisualStudioVersion = 10.0.40219.1
Project("{FAE04EC0-301F-11D3-BF4B-00C04F79EFBC}") = "petdoge", "petdoge\petdoge.csproj", "{FD38D988-484E-4B92-9964-99029C197A30}"
EndProject
Global
	GlobalSection(SolutionConfigurationPlatforms) = preSolution
		Debug|Any CPU = Debug|Any CPU
		Release|Any CPU = Release|Any CPU
	EndGlobalSection
	GlobalSection(ProjectConfigurationPlatforms) = postSolution
		{FD38D988-484E-4B92-9964-99029C197A30}.Debug|Any CPU.ActiveCfg = Debug|Any CPU
		{FD38D988-484E-4B92-9964-99029C197A30}.Debug|Any CPU.Build.0 = Debug|Any CPU
		{FD38D988-484E-4B92-9964-99029C197A30}.Release|Any CPU.ActiveCfg = Release|Any CPU
		{FD38D988-484E-4B92-9964-99029C197A30}.Release|Any CPU.Build.0 = Release|Any CPU
	EndGlobalSection
	GlobalSection(SolutionProperties) = preSolution
		HideSolutionNode = FALSE
	EndGlobalSection
	GlobalSection(ExtensibilityGlobals) = postSolution
		SolutionGuid = {8C27A773-36FD-4B9F-AF0B-44AD8DD244E8}
	EndGlobalSection
EndGlobal
